
Microsoft Visual Studio Solution File, Format Version 12.00
# Visual Studio 2012
Project("{FAE04EC0-301F-11D3-BF4B-00C04F79EFBC}") = "ElasticApi", "ElasticApi\ElasticApi.csproj", "{92BF33A5-8451-407B-9572-288545145A21}"
EndProject
Project("{FAE04EC0-301F-11D3-BF4B-00C04F79EFBC}") = "LinqToElastic", "LinqToElastic\LinqToElastic.csproj", "{EAA2B80A-ECD5-4241-B2CB-BC3095602359}"
EndProject
Project("{FAE04EC0-301F-11D3-BF4B-00C04F79EFBC}") = "Test", "Test\Test.csproj", "{2603CA0E-2E90-4FD1-A8BE-8E171B465DF4}"
EndProject
Global
	GlobalSection(SolutionConfigurationPlatforms) = preSolution
		Debug|Any CPU = Debug|Any CPU
		Release|Any CPU = Release|Any CPU
	EndGlobalSection
	GlobalSection(ProjectConfigurationPlatforms) = postSolution
		{92BF33A5-8451-407B-9572-288545145A21}.Debug|Any CPU.ActiveCfg = Debug|Any CPU
		{92BF33A5-8451-407B-9572-288545145A21}.Debug|Any CPU.Build.0 = Debug|Any CPU
		{92BF33A5-8451-407B-9572-288545145A21}.Release|Any CPU.ActiveCfg = Release|Any CPU
		{92BF33A5-8451-407B-9572-288545145A21}.Release|Any CPU.Build.0 = Release|Any CPU
		{EAA2B80A-ECD5-4241-B2CB-BC3095602359}.Debug|Any CPU.ActiveCfg = Debug|Any CPU
		{EAA2B80A-ECD5-4241-B2CB-BC3095602359}.Debug|Any CPU.Build.0 = Debug|Any CPU
		{EAA2B80A-ECD5-4241-B2CB-BC3095602359}.Release|Any CPU.ActiveCfg = Release|Any CPU
		{EAA2B80A-ECD5-4241-B2CB-BC3095602359}.Release|Any CPU.Build.0 = Release|Any CPU
		{2603CA0E-2E90-4FD1-A8BE-8E171B465DF4}.Debug|Any CPU.ActiveCfg = Debug|Any CPU
		{2603CA0E-2E90-4FD1-A8BE-8E171B465DF4}.Debug|Any CPU.Build.0 = Debug|Any CPU
		{2603CA0E-2E90-4FD1-A8BE-8E171B465DF4}.Release|Any CPU.ActiveCfg = Release|Any CPU
		{2603CA0E-2E90-4FD1-A8BE-8E171B465DF4}.Release|Any CPU.Build.0 = Release|Any CPU
	EndGlobalSection
	GlobalSection(SolutionProperties) = preSolution
		HideSolutionNode = FALSE
	EndGlobalSection
EndGlobal
